
Microsoft Visual Studio Solution File, Format Version 12.00
# Visual Studio Version 16
VisualStudioVersion = 16.0.31911.196
MinimumVisualStudioVersion = 10.0.40219.1
Project("{FAE04EC0-301F-11D3-BF4B-00C04F79EFBC}") = "Library.Data", "Library.Data\Library.Data.csproj", "{A719AD13-4D0E-4F30-B43B-12B9EC15DB52}"
EndProject
Project("{FAE04EC0-301F-11D3-BF4B-00C04F79EFBC}") = "Library.Logic", "Library.Logic\Library.Logic.csproj", "{48CF28F9-1715-4EA8-8E72-4875D49BCA91}"
EndProject
Project("{FAE04EC0-301F-11D3-BF4B-00C04F79EFBC}") = "Library.Model", "Library.Model\Library.Model.csproj", "{65D61C89-D7DB-4B7F-9AFB-6C73DC792C66}"
EndProject
Project("{FAE04EC0-301F-11D3-BF4B-00C04F79EFBC}") = "Library.ViewModel", "Library.ViewModel\Library.ViewModel.csproj", "{B028A70A-A75C-4B56-BAE5-8E21AD6FFEFA}"
EndProject
Project("{9A19103F-16F7-4668-BE54-9A1E7A4F7556}") = "Library.View", "Library.View\Library.View.csproj", "{D7006279-FF32-4BC3-BC0C-5E945E088D53}"
EndProject
Project("{FAE04EC0-301F-11D3-BF4B-00C04F79EFBC}") = "Library.Data.UTest", "Library.Data.UTest\Library.Data.UTest.csproj", "{967ED146-D17A-49C7-B8C3-A1AE060AB599}"
EndProject
Project("{FAE04EC0-301F-11D3-BF4B-00C04F79EFBC}") = "Library.Logic.UTest", "Library.Logic.UTest\Library.Logic.UTest.csproj", "{1DA0FC42-3C56-49B1-AD58-AE463ADBFBEF}"
EndProject
Project("{FAE04EC0-301F-11D3-BF4B-00C04F79EFBC}") = "Library.DataServer", "Library.DataServer\Library.DataServer.csproj", "{B017A3B2-C1D7-4563-8BA0-6063FB0307C2}"
EndProject
Project("{FAE04EC0-301F-11D3-BF4B-00C04F79EFBC}") = "Library.LogicServer", "Library.LogicServer\Library.LogicServer.csproj", "{4B2B1A2B-8292-485F-BD22-7ED3608827A0}"
EndProject
Project("{FAE04EC0-301F-11D3-BF4B-00C04F79EFBC}") = "Library.PresentationServer", "Library.PresentationServer\Library.PresentationServer.csproj", "{DD676EC3-7028-42E3-B944-14B456BCF2A2}"
EndProject
Project("{FAE04EC0-301F-11D3-BF4B-00C04F79EFBC}") = "Library.DataServer.UTest", "Library.DataServer.UTest\Library.DataServer.UTest.csproj", "{A98C132E-A397-4BEA-A85B-80C618FA73FC}"
EndProject
Project("{FAE04EC0-301F-11D3-BF4B-00C04F79EFBC}") = "Library.LogicServer.UTest", "Library.LogicServer.UTest\Library.LogicServer.UTest.csproj", "{DED4F625-486E-44AC-998E-4E16FB3AFBF3}"
EndProject
Project("{FAE04EC0-301F-11D3-BF4B-00C04F79EFBC}") = "OPCUA", "OPCUA\OPCUA.csproj", "{86085EC7-428C-4BBD-A4AA-BD3195D02AFA}"
EndProject
Project("{FAE04EC0-301F-11D3-BF4B-00C04F79EFBC}") = "Library.DTO", "Library.DTO\Library.DTO.csproj", "{69E27F21-AA94-43B2-A3E9-CC3A5AEBA80A}"
EndProject
Global
	GlobalSection(SolutionConfigurationPlatforms) = preSolution
		Debug|Any CPU = Debug|Any CPU
		Release|Any CPU = Release|Any CPU
	EndGlobalSection
	GlobalSection(ProjectConfigurationPlatforms) = postSolution
		{A719AD13-4D0E-4F30-B43B-12B9EC15DB52}.Debug|Any CPU.ActiveCfg = Debug|Any CPU
		{A719AD13-4D0E-4F30-B43B-12B9EC15DB52}.Debug|Any CPU.Build.0 = Debug|Any CPU
		{A719AD13-4D0E-4F30-B43B-12B9EC15DB52}.Release|Any CPU.ActiveCfg = Release|Any CPU
		{A719AD13-4D0E-4F30-B43B-12B9EC15DB52}.Release|Any CPU.Build.0 = Release|Any CPU
		{48CF28F9-1715-4EA8-8E72-4875D49BCA91}.Debug|Any CPU.ActiveCfg = Debug|Any CPU
		{48CF28F9-1715-4EA8-8E72-4875D49BCA91}.Debug|Any CPU.Build.0 = Debug|Any CPU
		{48CF28F9-1715-4EA8-8E72-4875D49BCA91}.Release|Any CPU.ActiveCfg = Release|Any CPU
		{48CF28F9-1715-4EA8-8E72-4875D49BCA91}.Release|Any CPU.Build.0 = Release|Any CPU
		{65D61C89-D7DB-4B7F-9AFB-6C73DC792C66}.Debug|Any CPU.ActiveCfg = Debug|Any CPU
		{65D61C89-D7DB-4B7F-9AFB-6C73DC792C66}.Debug|Any CPU.Build.0 = Debug|Any CPU
		{65D61C89-D7DB-4B7F-9AFB-6C73DC792C66}.Release|Any CPU.ActiveCfg = Release|Any CPU
		{65D61C89-D7DB-4B7F-9AFB-6C73DC792C66}.Release|Any CPU.Build.0 = Release|Any CPU
		{B028A70A-A75C-4B56-BAE5-8E21AD6FFEFA}.Debug|Any CPU.ActiveCfg = Debug|Any CPU
		{B028A70A-A75C-4B56-BAE5-8E21AD6FFEFA}.Debug|Any CPU.Build.0 = Debug|Any CPU
		{B028A70A-A75C-4B56-BAE5-8E21AD6FFEFA}.Release|Any CPU.ActiveCfg = Release|Any CPU
		{B028A70A-A75C-4B56-BAE5-8E21AD6FFEFA}.Release|Any CPU.Build.0 = Release|Any CPU
		{D7006279-FF32-4BC3-BC0C-5E945E088D53}.Debug|Any CPU.ActiveCfg = Debug|Any CPU
		{D7006279-FF32-4BC3-BC0C-5E945E088D53}.Debug|Any CPU.Build.0 = Debug|Any CPU
		{D7006279-FF32-4BC3-BC0C-5E945E088D53}.Release|Any CPU.ActiveCfg = Release|Any CPU
		{D7006279-FF32-4BC3-BC0C-5E945E088D53}.Release|Any CPU.Build.0 = Release|Any CPU
		{967ED146-D17A-49C7-B8C3-A1AE060AB599}.Debug|Any CPU.ActiveCfg = Debug|Any CPU
		{967ED146-D17A-49C7-B8C3-A1AE060AB599}.Debug|Any CPU.Build.0 = Debug|Any CPU
		{967ED146-D17A-49C7-B8C3-A1AE060AB599}.Release|Any CPU.ActiveCfg = Release|Any CPU
		{967ED146-D17A-49C7-B8C3-A1AE060AB599}.Release|Any CPU.Build.0 = Release|Any CPU
		{1DA0FC42-3C56-49B1-AD58-AE463ADBFBEF}.Debug|Any CPU.ActiveCfg = Debug|Any CPU
		{1DA0FC42-3C56-49B1-AD58-AE463ADBFBEF}.Debug|Any CPU.Build.0 = Debug|Any CPU
		{1DA0FC42-3C56-49B1-AD58-AE463ADBFBEF}.Release|Any CPU.ActiveCfg = Release|Any CPU
		{1DA0FC42-3C56-49B1-AD58-AE463ADBFBEF}.Release|Any CPU.Build.0 = Release|Any CPU
		{B017A3B2-C1D7-4563-8BA0-6063FB0307C2}.Debug|Any CPU.ActiveCfg = Debug|Any CPU
		{B017A3B2-C1D7-4563-8BA0-6063FB0307C2}.Debug|Any CPU.Build.0 = Debug|Any CPU
		{B017A3B2-C1D7-4563-8BA0-6063FB0307C2}.Release|Any CPU.ActiveCfg = Release|Any CPU
		{B017A3B2-C1D7-4563-8BA0-6063FB0307C2}.Release|Any CPU.Build.0 = Release|Any CPU
		{4B2B1A2B-8292-485F-BD22-7ED3608827A0}.Debug|Any CPU.ActiveCfg = Debug|Any CPU
		{4B2B1A2B-8292-485F-BD22-7ED3608827A0}.Debug|Any CPU.Build.0 = Debug|Any CPU
		{4B2B1A2B-8292-485F-BD22-7ED3608827A0}.Release|Any CPU.ActiveCfg = Release|Any CPU
		{4B2B1A2B-8292-485F-BD22-7ED3608827A0}.Release|Any CPU.Build.0 = Release|Any CPU
		{DD676EC3-7028-42E3-B944-14B456BCF2A2}.Debug|Any CPU.ActiveCfg = Debug|Any CPU
		{DD676EC3-7028-42E3-B944-14B456BCF2A2}.Debug|Any CPU.Build.0 = Debug|Any CPU
		{DD676EC3-7028-42E3-B944-14B456BCF2A2}.Release|Any CPU.ActiveCfg = Release|Any CPU
		{DD676EC3-7028-42E3-B944-14B456BCF2A2}.Release|Any CPU.Build.0 = Release|Any CPU
		{A98C132E-A397-4BEA-A85B-80C618FA73FC}.Debug|Any CPU.ActiveCfg = Debug|Any CPU
		{A98C132E-A397-4BEA-A85B-80C618FA73FC}.Debug|Any CPU.Build.0 = Debug|Any CPU
		{A98C132E-A397-4BEA-A85B-80C618FA73FC}.Release|Any CPU.ActiveCfg = Release|Any CPU
		{A98C132E-A397-4BEA-A85B-80C618FA73FC}.Release|Any CPU.Build.0 = Release|Any CPU
		{DED4F625-486E-44AC-998E-4E16FB3AFBF3}.Debug|Any CPU.ActiveCfg = Debug|Any CPU
		{DED4F625-486E-44AC-998E-4E16FB3AFBF3}.Debug|Any CPU.Build.0 = Debug|Any CPU
		{DED4F625-486E-44AC-998E-4E16FB3AFBF3}.Release|Any CPU.ActiveCfg = Release|Any CPU
		{DED4F625-486E-44AC-998E-4E16FB3AFBF3}.Release|Any CPU.Build.0 = Release|Any CPU
		{86085EC7-428C-4BBD-A4AA-BD3195D02AFA}.Debug|Any CPU.ActiveCfg = Debug|Any CPU
		{86085EC7-428C-4BBD-A4AA-BD3195D02AFA}.Debug|Any CPU.Build.0 = Debug|Any CPU
		{86085EC7-428C-4BBD-A4AA-BD3195D02AFA}.Release|Any CPU.ActiveCfg = Release|Any CPU
		{86085EC7-428C-4BBD-A4AA-BD3195D02AFA}.Release|Any CPU.Build.0 = Release|Any CPU
		{69E27F21-AA94-43B2-A3E9-CC3A5AEBA80A}.Debug|Any CPU.ActiveCfg = Debug|Any CPU
		{69E27F21-AA94-43B2-A3E9-CC3A5AEBA80A}.Debug|Any CPU.Build.0 = Debug|Any CPU
		{69E27F21-AA94-43B2-A3E9-CC3A5AEBA80A}.Release|Any CPU.ActiveCfg = Release|Any CPU
		{69E27F21-AA94-43B2-A3E9-CC3A5AEBA80A}.Release|Any CPU.Build.0 = Release|Any CPU
	EndGlobalSection
	GlobalSection(SolutionProperties) = preSolution
		HideSolutionNode = FALSE
	EndGlobalSection
	GlobalSection(ExtensibilityGlobals) = postSolution
		SolutionGuid = {0D7C3482-007C-4E6A-9FA7-6EDA49A537AE}
	EndGlobalSection
EndGlobal
